// !$*UTF8*$!
{
	archiveVersion = 1;
	classes = {
	};
	objectVersion = 50;
	objects = {

/* Begin PBXBuildFile section */
		37587CAE216DD530005D5118 /* AppDelegate.swift in Sources */ = {isa = PBXBuildFile; fileRef = 37587CAD216DD530005D5118 /* AppDelegate.swift */; };
		37587CB0216DD530005D5118 /* ViewController.swift in Sources */ = {isa = PBXBuildFile; fileRef = 37587CAF216DD530005D5118 /* ViewController.swift */; };
		37587CB3216DD530005D5118 /* Main.storyboard in Resources */ = {isa = PBXBuildFile; fileRef = 37587CB1216DD530005D5118 /* Main.storyboard */; };
		37587CB5216DD530005D5118 /* Assets.xcassets in Resources */ = {isa = PBXBuildFile; fileRef = 37587CB4216DD530005D5118 /* Assets.xcassets */; };
		37587CB8216DD530005D5118 /* LaunchScreen.storyboard in Resources */ = {isa = PBXBuildFile; fileRef = 37587CB6216DD530005D5118 /* LaunchScreen.storyboard */; };
		37587CC0216DEB33005D5118 /* TableViewDemo.swift in Sources */ = {isa = PBXBuildFile; fileRef = 37587CBF216DEB33005D5118 /* TableViewDemo.swift */; };
		37587CC2216DEB63005D5118 /* CollectionViewDemo.swift in Sources */ = {isa = PBXBuildFile; fileRef = 37587CC1216DEB63005D5118 /* CollectionViewDemo.swift */; };
		37587CC4216DEB92005D5118 /* ScrollViewDemo.swift in Sources */ = {isa = PBXBuildFile; fileRef = 37587CC3216DEB92005D5118 /* ScrollViewDemo.swift */; };
/* End PBXBuildFile section */

/* Begin PBXFileReference section */
		37587CAA216DD530005D5118 /* SwiftLearnDemo.app */ = {isa = PBXFileReference; explicitFileType = wrapper.application; includeInIndex = 0; path = SwiftLearnDemo.app; sourceTree = BUILT_PRODUCTS_DIR; };
		37587CAD216DD530005D5118 /* AppDelegate.swift */ = {isa = PBXFileReference; lastKnownFileType = sourcecode.swift; path = AppDelegate.swift; sourceTree = "<group>"; };
		37587CAF216DD530005D5118 /* ViewController.swift */ = {isa = PBXFileReference; lastKnownFileType = sourcecode.swift; path = ViewController.swift; sourceTree = "<group>"; };
		37587CB2216DD530005D5118 /* Base */ = {isa = PBXFileReference; lastKnownFileType = file.storyboard; name = Base; path = Base.lproj/Main.storyboard; sourceTree = "<group>"; };
		37587CB4216DD530005D5118 /* Assets.xcassets */ = {isa = PBXFileReference; lastKnownFileType = folder.assetcatalog; path = Assets.xcassets; sourceTree = "<group>"; };
		37587CB7216DD530005D5118 /* Base */ = {isa = PBXFileReference; lastKnownFileType = file.storyboard; name = Base; path = Base.lproj/LaunchScreen.storyboard; sourceTree = "<group>"; };
		37587CB9216DD530005D5118 /* Info.plist */ = {isa = PBXFileReference; lastKnownFileType = text.plist.xml; path = Info.plist; sourceTree = "<group>"; };
		37587CBF216DEB33005D5118 /* TableViewDemo.swift */ = {isa = PBXFileReference; lastKnownFileType = sourcecode.swift; path = TableViewDemo.swift; sourceTree = "<group>"; };
		37587CC1216DEB63005D5118 /* CollectionViewDemo.swift */ = {isa = PBXFileReference; lastKnownFileType = sourcecode.swift; path = CollectionViewDemo.swift; sourceTree = "<group>"; };
		37587CC3216DEB92005D5118 /* ScrollViewDemo.swift */ = {isa = PBXFileReference; lastKnownFileType = sourcecode.swift; path = ScrollViewDemo.swift; sourceTree = "<group>"; };
/* End PBXFileReference section */

/* Begin PBXFrameworksBuildPhase section */
		37587CA7216DD530005D5118 /* Frameworks */ = {
			isa = PBXFrameworksBuildPhase;
			buildActionMask = 2147483647;
			files = (
			);
			runOnlyForDeploymentPostprocessing = 0;
		};
/* End PBXFrameworksBuildPhase section */

/* Begin PBXGroup section */
		37587CA1216DD530005D5118 = {
			isa = PBXGroup;
			children = (
				37587CAC216DD530005D5118 /* SwiftLearnDemo */,
				37587CAB216DD530005D5118 /* Products */,
			);
			sourceTree = "<group>";
		};
		37587CAB216DD530005D5118 /* Products */ = {
			isa = PBXGroup;
			children = (
				37587CAA216DD530005D5118 /* SwiftLearnDemo.app */,
			);
			name = Products;
			sourceTree = "<group>";
		};
		37587CAC216DD530005D5118 /* SwiftLearnDemo */ = {
			isa = PBXGroup;
			children = (
				37587CAD216DD530005D5118 /* AppDelegate.swift */,
				37587CAF216DD530005D5118 /* ViewController.swift */,
				37587CBF216DEB33005D5118 /* TableViewDemo.swift */,
				37587CC1216DEB63005D5118 /* CollectionViewDemo.swift */,
				37587CC3216DEB92005D5118 /* ScrollViewDemo.swift */,
				37587CB1216DD530005D5118 /* Main.storyboard */,
				37587CB4216DD530005D5118 /* Assets.xcassets */,
				37587CB6216DD530005D5118 /* LaunchScreen.storyboard */,
				37587CB9216DD530005D5118 /* Info.plist */,
			);
			path = SwiftLearnDemo;
			sourceTree = "<group>";
		};
/* End PBXGroup section */

/* Begin PBXNativeTarget section */
		37587CA9216DD530005D5118 /* SwiftLearnDemo */ = {
			isa = PBXNativeTarget;
			buildConfigurationList = 37587CBC216DD530005D5118 /* Build configuration list for PBXNativeTarget "SwiftLearnDemo" */;
			buildPhases = (
				37587CA6216DD530005D5118 /* Sources */,
				37587CA7216DD530005D5118 /* Frameworks */,
				37587CA8216DD530005D5118 /* Resources */,
			);
			buildRules = (
			);
			dependencies = (
			);
			name = SwiftLearnDemo;
			productName = SwiftLearnDemo;
			productReference = 37587CAA216DD530005D5118 /* SwiftLearnDemo.app */;
			productType = "com.apple.product-type.application";
		};
/* End PBXNativeTarget section */

/* Begin PBXProject section */
		37587CA2216DD530005D5118 /* Project object */ = {
			isa = PBXProject;
			attributes = {
				LastSwiftUpdateCheck = 0940;
				LastUpgradeCheck = 0940;
				ORGANIZATIONNAME = donglingxiao;
				TargetAttributes = {
					37587CA9216DD530005D5118 = {
						CreatedOnToolsVersion = 9.4.1;
					};
				};
			};
			buildConfigurationList = 37587CA5216DD530005D5118 /* Build configuration list for PBXProject "SwiftLearnDemo" */;
			compatibilityVersion = "Xcode 9.3";
			developmentRegion = en;
			hasScannedForEncodings = 0;
			knownRegions = (
				en,
				Base,
			);
			mainGroup = 37587CA1216DD530005D5118;
			productRefGroup = 37587CAB216DD530005D5118 /* Products */;
			projectDirPath = "";
			projectRoot = "";
			targets = (
				37587CA9216DD530005D5118 /* SwiftLearnDemo */,
			);
		};
/* End PBXProject section */

/* Begin PBXResourcesBuildPhase section */
		37587CA8216DD530005D5118 /* Resources */ = {
			isa = PBXResourcesBuildPhase;
			buildActionMask = 2147483647;
			files = (
				37587CB8216DD530005D5118 /* LaunchScreen.storyboard in Resources */,
				37587CB5216DD530005D5118 /* Assets.xcassets in Resources */,
				37587CB3216DD530005D5118 /* Main.storyboard in Resources */,
			);
			runOnlyForDeploymentPostprocessing = 0;
		};
/* End PBXResourcesBuildPhase section */

/* Begin PBXSourcesBuildPhase section */
		37587CA6216DD530005D5118 /* Sources */ = {
			isa = PBXSourcesBuildPhase;
			buildActionMask = 2147483647;
			files = (
				37587CB0216DD530005D5118 /* ViewController.swift in Sources */,
				37587CAE216DD530005D5118 /* AppDelegate.swift in Sources */,
				37587CC4216DEB92005D5118 /* ScrollViewDemo.swift in Sources */,
				37587CC0216DEB33005D5118 /* TableViewDemo.swift in Sources */,
				37587CC2216DEB63005D5118 /* CollectionViewDemo.swift in Sources */,
			);
			runOnlyForDeploymentPostprocessing = 0;
		};
/* End PBXSourcesBuildPhase section */

/* Begin PBXVariantGroup section */
		37587CB1216DD530005D5118 /* Main.storyboard */ = {
			isa = PBXVariantGroup;
			children = (
				37587CB2216DD530005D5118 /* Base */,
			);
			name = Main.storyboard;
			sourceTree = "<group>";
		};
		37587CB6216DD530005D5118 /* LaunchScreen.storyboard */ = {
			isa = PBXVariantGroup;
			children = (
				37587CB7216DD530005D5118 /* Base */,
			);
			name = LaunchScreen.storyboard;
			sourceTree = "<group>";
		};
/* End PBXVariantGroup section */

/* Begin XCBuildConfiguration section */
		37587CBA216DD530005D5118 /* Debug */ = {
			isa = XCBuildConfiguration;
			buildSettings = {
				ALWAYS_SEARCH_USER_PATHS = NO;
				CLANG_ANALYZER_NONNULL = YES;
				CLANG_ANALYZER_NUMBER_OBJECT_CONVERSION = YES_AGGRESSIVE;
				CLANG_CXX_LANGUAGE_STANDARD = "gnu++14";
				CLANG_CXX_LIBRARY = "libc++";
				CLANG_ENABLE_MODULES = YES;
				CLANG_ENABLE_OBJC_ARC = YES;
				CLANG_ENABLE_OBJC_WEAK = YES;
				CLANG_WARN_BLOCK_CAPTURE_AUTORELEASING = YES;
				CLANG_WARN_BOOL_CONVERSION = YES;
				CLANG_WARN_COMMA = YES;
				CLANG_WARN_CONSTANT_CONVERSION = YES;
				CLANG_WARN_DEPRECATED_OBJC_IMPLEMENTATIONS = YES;
				CLANG_WARN_DIRECT_OBJC_ISA_USAGE = YES_ERROR;
				CLANG_WARN_DOCUMENTATION_COMMENTS = YES;
				CLANG_WARN_EMPTY_BODY = YES;
				CLANG_WARN_ENUM_CONVERSION = YES;
				CLANG_WARN_INFINITE_RECURSION = YES;
				CLANG_WARN_INT_CONVERSION = YES;
				CLANG_WARN_NON_LITERAL_NULL_CONVERSION = YES;
				CLANG_WARN_OBJC_IMPLICIT_RETAIN_SELF = YES;
				CLANG_WARN_OBJC_LITERAL_CONVERSION = YES;
				CLANG_WARN_OBJC_ROOT_CLASS = YES_ERROR;
				CLANG_WARN_RANGE_LOOP_ANALYSIS = YES;
				CLANG_WARN_STRICT_PROTOTYPES = YES;
				CLANG_WARN_SUSPICIOUS_MOVE = YES;
				CLANG_WARN_UNGUARDED_AVAILABILITY = YES_AGGRESSIVE;
				CLANG_WARN_UNREACHABLE_CODE = YES;
				CLANG_WARN__DUPLICATE_METHOD_MATCH = YES;
				CODE_SIGN_IDENTITY = "iPhone Developer";
				COPY_PHASE_STRIP = NO;
				DEBUG_INFORMATION_FORMAT = dwarf;
				ENABLE_STRICT_OBJC_MSGSEND = YES;
				ENABLE_TESTABILITY = YES;
				GCC_C_LANGUAGE_STANDARD = gnu11;
				GCC_DYNAMIC_NO_PIC = NO;
				GCC_NO_COMMON_BLOCKS = YES;
				GCC_OPTIMIZATION_LEVEL = 0;
				GCC_PREPROCESSOR_DEFINITIONS = (
					"DEBUG=1",
					"$(inherited)",
				);
				GCC_WARN_64_TO_32_BIT_CONVERSION = YES;
				GCC_WARN_ABOUT_RETURN_TYPE = YES_ERROR;
				GCC_WARN_UNDECLARED_SELECTOR = YES;
				GCC_WARN_UNINITIALIZED_AUTOS = YES_AGGRESSIVE;
				GCC_WARN_UNUSED_FUNCTION = YES;
				GCC_WARN_UNUSED_VARIABLE = YES;
				IPHONEOS_DEPLOYMENT_TARGET = 11.4;
				MTL_ENABLE_DEBUG_INFO = YES;
				ONLY_ACTIVE_ARCH = YES;
				SDKROOT = iphoneos;
				SWIFT_ACTIVE_COMPILATION_CONDITIONS = DEBUG;
				SWIFT_OPTIMIZATION_LEVEL = "-Onone";
			};
			name = Debug;
		};
		37587CBB216DD530005D5118 /* Release */ = {
			isa = XCBuildConfiguration;
			buildSettings = {
				ALWAYS_SEARCH_USER_PATHS = NO;
				CLANG_ANALYZER_NONNULL = YES;
				CLANG_ANALYZER_NUMBER_OBJECT_CONVERSION = YES_AGGRESSIVE;
				CLANG_CXX_LANGUAGE_STANDARD = "gnu++14";
				CLANG_CXX_LIBRARY = "libc++";
				CLANG_ENABLE_MODULES = YES;
				CLANG_ENABLE_OBJC_ARC = YES;
				CLANG_ENABLE_OBJC_WEAK = YES;
				CLANG_WARN_BLOCK_CAPTURE_AUTORELEASING = YES;
				CLANG_WARN_BOOL_CONVERSION = YES;
				CLANG_WARN_COMMA = YES;
				CLANG_WARN_CONSTANT_CONVERSION = YES;
				CLANG_WARN_DEPRECATED_OBJC_IMPLEMENTATIONS = YES;
				CLANG_WARN_DIRECT_OBJC_ISA_USAGE = YES_ERROR;
				CLANG_WARN_DOCUMENTATION_COMMENTS = YES;
				CLANG_WARN_EMPTY_BODY = YES;
				CLANG_WARN_ENUM_CONVERSION = YES;
				CLANG_WARN_INFINITE_RECURSION = YES;
				CLANG_WARN_INT_CONVERSION = YES;
				CLANG_WARN_NON_LITERAL_NULL_CONVERSION = YES;
				CLANG_WARN_OBJC_IMPLICIT_RETAIN_SELF = YES;
				CLANG_WARN_OBJC_LITERAL_CONVERSION = YES;
				CLANG_WARN_OBJC_ROOT_CLASS = YES_ERROR;
				CLANG_WARN_RANGE_LOOP_ANALYSIS = YES;
				CLANG_WARN_STRICT_PROTOTYPES = YES;
				CLANG_WARN_SUSPICIOUS_MOVE = YES;
				CLANG_WARN_UNGUARDED_AVAILABILITY = YES_AGGRESSIVE;
				CLANG_WARN_UNREACHABLE_CODE = YES;
				CLANG_WARN__DUPLICATE_METHOD_MATCH = YES;
				CODE_SIGN_IDENTITY = "iPhone Developer";
				COPY_PHASE_STRIP = NO;
				DEBUG_INFORMATION_FORMAT = "dwarf-with-dsym";
				ENABLE_NS_ASSERTIONS = NO;
				ENABLE_STRICT_OBJC_MSGSEND = YES;
				GCC_C_LANGUAGE_STANDARD = gnu11;
				GCC_NO_COMMON_BLOCKS = YES;
				GCC_WARN_64_TO_32_BIT_CONVERSION = YES;
				GCC_WARN_ABOUT_RETURN_TYPE = YES_ERROR;
				GCC_WARN_UNDECLARED_SELECTOR = YES;
				GCC_WARN_UNINITIALIZED_AUTOS = YES_AGGRESSIVE;
				GCC_WARN_UNUSED_FUNCTION = YES;
				GCC_WARN_UNUSED_VARIABLE = YES;
				IPHONEOS_DEPLOYMENT_TARGET = 11.4;
				MTL_ENABLE_DEBUG_INFO = NO;
				SDKROOT = iphoneos;
				SWIFT_COMPILATION_MODE = wholemodule;
				SWIFT_OPTIMIZATION_LEVEL = "-O";
				VALIDATE_PRODUCT = YES;
			};
			name = Release;
		};
		37587CBD216DD530005D5118 /* Debug */ = {
			isa = XCBuildConfiguration;
			buildSettings = {
				ASSETCATALOG_COMPILER_APPICON_NAME = AppIcon;
				CODE_SIGN_STYLE = Automatic;
				DEVELOPMENT_TEAM = 4J7RRKT8QM;
				INFOPLIST_FILE = SwiftLearnDemo/Info.plist;
				LD_RUNPATH_SEARCH_PATHS = (
					"$(inherited)",
					"@executable_path/Frameworks",
				);
				PRODUCT_BUNDLE_IDENTIFIER = com.donglingxiao.test.SwiftLearnDemo;
				PRODUCT_NAME = "$(TARGET_NAME)";
				SWIFT_VERSION = 4.0;
				TARGETED_DEVICE_FAMILY = "1,2";
			};
			name = Debug;
		};
		37587CBE216DD530005D5118 /* Release */ = {
			isa = XCBuildConfiguration;
			buildSettings = {
				ASSETCATALOG_COMPILER_APPICON_NAME = AppIcon;
				CODE_SIGN_STYLE = Automatic;
				DEVELOPMENT_TEAM = 4J7RRKT8QM;
				INFOPLIST_FILE = SwiftLearnDemo/Info.plist;
				LD_RUNPATH_SEARCH_PATHS = (
					"$(inherited)",
					"@executable_path/Frameworks",
				);
				PRODUCT_BUNDLE_IDENTIFIER = com.donglingxiao.test.SwiftLearnDemo;
				PRODUCT_NAME = "$(TARGET_NAME)";
				SWIFT_VERSION = 4.0;
				TARGETED_DEVICE_FAMILY = "1,2";
			};
			name = Release;
		};
/* End XCBuildConfiguration section */

/* Begin XCConfigurationList section */
		37587CA5216DD530005D5118 /* Build configuration list for PBXProject "SwiftLearnDemo" */ = {
			isa = XCConfigurationList;
			buildConfigurations = (
				37587CBA216DD530005D5118 /* Debug */,
				37587CBB216DD530005D5118 /* Release */,
			);
			defaultConfigurationIsVisible = 0;
			defaultConfigurationName = Release;
		};
		37587CBC216DD530005D5118 /* Build configuration list for PBXNativeTarget "SwiftLearnDemo" */ = {
			isa = XCConfigurationList;
			buildConfigurations = (
				37587CBD216DD530005D5118 /* Debug */,
				37587CBE216DD530005D5118 /* Release */,
			);
			defaultConfigurationIsVisible = 0;
			defaultConfigurationName = Release;
		};
/* End XCConfigurationList section */
	};
	rootObject = 37587CA2216DD530005D5118 /* Project object */;
}
